// !$*UTF8*$!
{
	archiveVersion = 1;
	classes = {
	};
	objectVersion = 50;
	objects = {

/* Begin PBXBuildFile section */
		7165ABC226A60858005E4348 /* OperationCellCash_Withdrawal.swift in Sources */ = {isa = PBXBuildFile; fileRef = 7165ABC126A60858005E4348 /* OperationCellCash_Withdrawal.swift */; };
		71934F8D26A5EA8F005063D2 /* AppDelegate.swift in Sources */ = {isa = PBXBuildFile; fileRef = 71934F8C26A5EA8F005063D2 /* AppDelegate.swift */; };
		71934F8F26A5EA8F005063D2 /* SceneDelegate.swift in Sources */ = {isa = PBXBuildFile; fileRef = 71934F8E26A5EA8F005063D2 /* SceneDelegate.swift */; };
		71934F9126A5EA8F005063D2 /* FinancialOperationsTableVC.swift in Sources */ = {isa = PBXBuildFile; fileRef = 71934F9026A5EA8F005063D2 /* FinancialOperationsTableVC.swift */; };
		71934F9426A5EA8F005063D2 /* Main.storyboard in Resources */ = {isa = PBXBuildFile; fileRef = 71934F9226A5EA8F005063D2 /* Main.storyboard */; };
		71934F9626A5EA92005063D2 /* Assets.xcassets in Resources */ = {isa = PBXBuildFile; fileRef = 71934F9526A5EA92005063D2 /* Assets.xcassets */; };
		71934F9926A5EA92005063D2 /* LaunchScreen.storyboard in Resources */ = {isa = PBXBuildFile; fileRef = 71934F9726A5EA92005063D2 /* LaunchScreen.storyboard */; };
		71934FA326A5ED9D005063D2 /* ApiManager.swift in Sources */ = {isa = PBXBuildFile; fileRef = 71934FA226A5ED9D005063D2 /* ApiManager.swift */; };
		E834B552291D5E2A008A7942 /* mydata.json in Resources */ = {isa = PBXBuildFile; fileRef = E834B551291D5E2A008A7942 /* mydata.json */; };
		E85460FB291E360D00533A7D /* PepperOperation.swift in Sources */ = {isa = PBXBuildFile; fileRef = E85460FA291E360D00533A7D /* PepperOperation.swift */; };
		E85460FD291E368F00533A7D /* PepperOperations.swift in Sources */ = {isa = PBXBuildFile; fileRef = E85460FC291E368F00533A7D /* PepperOperations.swift */; };
		E8546105291E5CC200533A7D /* PepperHSTests.swift in Sources */ = {isa = PBXBuildFile; fileRef = E8546104291E5CC200533A7D /* PepperHSTests.swift */; };
		E854610C291E5DC800533A7D /* OperationsTableVCTests.swift in Sources */ = {isa = PBXBuildFile; fileRef = E854610B291E5DC800533A7D /* OperationsTableVCTests.swift */; };
		E8546113292028E300533A7D /* PepperOperationViewModel.swift in Sources */ = {isa = PBXBuildFile; fileRef = E8546112292028E300533A7D /* PepperOperationViewModel.swift */; };
		E854611729202AF300533A7D /* ChargeCell.swift in Sources */ = {isa = PBXBuildFile; fileRef = E854611529202AF300533A7D /* ChargeCell.swift */; };
		E854611829202AF300533A7D /* ChargeCell.xib in Resources */ = {isa = PBXBuildFile; fileRef = E854611629202AF300533A7D /* ChargeCell.xib */; };
		E854611B29205D2300533A7D /* CashWithDrawalCell.swift in Sources */ = {isa = PBXBuildFile; fileRef = E854611929205D2300533A7D /* CashWithDrawalCell.swift */; };
		E854611C29205D2300533A7D /* CashWithDrawalCell.xib in Resources */ = {isa = PBXBuildFile; fileRef = E854611A29205D2300533A7D /* CashWithDrawalCell.xib */; };
		E854611F292061E300533A7D /* SavingRefundSalaryCell.swift in Sources */ = {isa = PBXBuildFile; fileRef = E854611D292061E300533A7D /* SavingRefundSalaryCell.swift */; };
		E8546120292061E300533A7D /* SavingRefundSalayCell.xib in Resources */ = {isa = PBXBuildFile; fileRef = E854611E292061E300533A7D /* SavingRefundSalayCell.xib */; };
		E854612229206C8700533A7D /* DetailIDVC.swift in Sources */ = {isa = PBXBuildFile; fileRef = E854612129206C8700533A7D /* DetailIDVC.swift */; };
/* End PBXBuildFile section */

/* Begin PBXContainerItemProxy section */
		E8546106291E5CC200533A7D /* PBXContainerItemProxy */ = {
			isa = PBXContainerItemProxy;
			containerPortal = 71934F8126A5EA8F005063D2 /* Project object */;
			proxyType = 1;
			remoteGlobalIDString = 71934F8826A5EA8F005063D2;
			remoteInfo = PepperHS;
		};
/* End PBXContainerItemProxy section */

/* Begin PBXFileReference section */
		7165ABC126A60858005E4348 /* OperationCellCash_Withdrawal.swift */ = {isa = PBXFileReference; lastKnownFileType = sourcecode.swift; path = OperationCellCash_Withdrawal.swift; sourceTree = "<group>"; };
		71934F8926A5EA8F005063D2 /* PepperHS.app */ = {isa = PBXFileReference; explicitFileType = wrapper.application; includeInIndex = 0; path = PepperHS.app; sourceTree = BUILT_PRODUCTS_DIR; };
		71934F8C26A5EA8F005063D2 /* AppDelegate.swift */ = {isa = PBXFileReference; lastKnownFileType = sourcecode.swift; path = AppDelegate.swift; sourceTree = "<group>"; };
		71934F8E26A5EA8F005063D2 /* SceneDelegate.swift */ = {isa = PBXFileReference; lastKnownFileType = sourcecode.swift; path = SceneDelegate.swift; sourceTree = "<group>"; };
		71934F9026A5EA8F005063D2 /* FinancialOperationsTableVC.swift */ = {isa = PBXFileReference; lastKnownFileType = sourcecode.swift; path = FinancialOperationsTableVC.swift; sourceTree = "<group>"; };
		71934F9326A5EA8F005063D2 /* Base */ = {isa = PBXFileReference; lastKnownFileType = file.storyboard; name = Base; path = Base.lproj/Main.storyboard; sourceTree = "<group>"; };
		71934F9526A5EA92005063D2 /* Assets.xcassets */ = {isa = PBXFileReference; lastKnownFileType = folder.assetcatalog; path = Assets.xcassets; sourceTree = "<group>"; };
		71934F9826A5EA92005063D2 /* Base */ = {isa = PBXFileReference; lastKnownFileType = file.storyboard; name = Base; path = Base.lproj/LaunchScreen.storyboard; sourceTree = "<group>"; };
		71934F9A26A5EA92005063D2 /* Info.plist */ = {isa = PBXFileReference; lastKnownFileType = text.plist.xml; path = Info.plist; sourceTree = "<group>"; };
		71934FA226A5ED9D005063D2 /* ApiManager.swift */ = {isa = PBXFileReference; lastKnownFileType = sourcecode.swift; path = ApiManager.swift; sourceTree = "<group>"; };
		E834B551291D5E2A008A7942 /* mydata.json */ = {isa = PBXFileReference; fileEncoding = 4; lastKnownFileType = text.json; path = mydata.json; sourceTree = "<group>"; };
		E85460FA291E360D00533A7D /* PepperOperation.swift */ = {isa = PBXFileReference; lastKnownFileType = sourcecode.swift; path = PepperOperation.swift; sourceTree = "<group>"; };
		E85460FC291E368F00533A7D /* PepperOperations.swift */ = {isa = PBXFileReference; lastKnownFileType = sourcecode.swift; path = PepperOperations.swift; sourceTree = "<group>"; };
		E8546102291E5CC200533A7D /* PepperHSTests.xctest */ = {isa = PBXFileReference; explicitFileType = wrapper.cfbundle; includeInIndex = 0; path = PepperHSTests.xctest; sourceTree = BUILT_PRODUCTS_DIR; };
		E8546104291E5CC200533A7D /* PepperHSTests.swift */ = {isa = PBXFileReference; lastKnownFileType = sourcecode.swift; path = PepperHSTests.swift; sourceTree = "<group>"; };
		E854610B291E5DC800533A7D /* OperationsTableVCTests.swift */ = {isa = PBXFileReference; lastKnownFileType = sourcecode.swift; path = OperationsTableVCTests.swift; sourceTree = "<group>"; };
		E8546112292028E300533A7D /* PepperOperationViewModel.swift */ = {isa = PBXFileReference; lastKnownFileType = sourcecode.swift; path = PepperOperationViewModel.swift; sourceTree = "<group>"; };
		E854611529202AF300533A7D /* ChargeCell.swift */ = {isa = PBXFileReference; lastKnownFileType = sourcecode.swift; path = ChargeCell.swift; sourceTree = "<group>"; };
		E854611629202AF300533A7D /* ChargeCell.xib */ = {isa = PBXFileReference; lastKnownFileType = file.xib; path = ChargeCell.xib; sourceTree = "<group>"; };
		E854611929205D2300533A7D /* CashWithDrawalCell.swift */ = {isa = PBXFileReference; lastKnownFileType = sourcecode.swift; path = CashWithDrawalCell.swift; sourceTree = "<group>"; };
		E854611A29205D2300533A7D /* CashWithDrawalCell.xib */ = {isa = PBXFileReference; lastKnownFileType = file.xib; path = CashWithDrawalCell.xib; sourceTree = "<group>"; };
		E854611D292061E300533A7D /* SavingRefundSalaryCell.swift */ = {isa = PBXFileReference; lastKnownFileType = sourcecode.swift; path = SavingRefundSalaryCell.swift; sourceTree = "<group>"; };
		E854611E292061E300533A7D /* SavingRefundSalayCell.xib */ = {isa = PBXFileReference; lastKnownFileType = file.xib; path = SavingRefundSalayCell.xib; sourceTree = "<group>"; };
		E854612129206C8700533A7D /* DetailIDVC.swift */ = {isa = PBXFileReference; lastKnownFileType = sourcecode.swift; path = DetailIDVC.swift; sourceTree = "<group>"; };
/* End PBXFileReference section */

/* Begin PBXFrameworksBuildPhase section */
		71934F8626A5EA8F005063D2 /* Frameworks */ = {
			isa = PBXFrameworksBuildPhase;
			buildActionMask = 2147483647;
			files = (
			);
			runOnlyForDeploymentPostprocessing = 0;
		};
		E85460FF291E5CC200533A7D /* Frameworks */ = {
			isa = PBXFrameworksBuildPhase;
			buildActionMask = 2147483647;
			files = (
			);
			runOnlyForDeploymentPostprocessing = 0;
		};
/* End PBXFrameworksBuildPhase section */

/* Begin PBXGroup section */
		71934F8026A5EA8F005063D2 = {
			isa = PBXGroup;
			children = (
				E834B551291D5E2A008A7942 /* mydata.json */,
				71934F8B26A5EA8F005063D2 /* PaperHS */,
				E8546103291E5CC200533A7D /* PepperHSTests */,
				71934F8A26A5EA8F005063D2 /* Products */,
			);
			sourceTree = "<group>";
		};
		71934F8A26A5EA8F005063D2 /* Products */ = {
			isa = PBXGroup;
			children = (
				71934F8926A5EA8F005063D2 /* PepperHS.app */,
				E8546102291E5CC200533A7D /* PepperHSTests.xctest */,
			);
			name = Products;
			sourceTree = "<group>";
		};
		71934F8B26A5EA8F005063D2 /* PaperHS */ = {
			isa = PBXGroup;
			children = (
				71934FA826A5EE0A005063D2 /* Services */,
				71934FA926A5EE2F005063D2 /* Model */,
				7165ABC126A60858005E4348 /* OperationCellCash_Withdrawal.swift */,
				71934FAA26A5EE4E005063D2 /* ViewController */,
				71934F8C26A5EA8F005063D2 /* AppDelegate.swift */,
				71934F8E26A5EA8F005063D2 /* SceneDelegate.swift */,
				71934F9226A5EA8F005063D2 /* Main.storyboard */,
				71934F9526A5EA92005063D2 /* Assets.xcassets */,
				71934F9726A5EA92005063D2 /* LaunchScreen.storyboard */,
				71934F9A26A5EA92005063D2 /* Info.plist */,
			);
			path = PaperHS;
			sourceTree = "<group>";
		};
		71934FA826A5EE0A005063D2 /* Services */ = {
			isa = PBXGroup;
			children = (
				71934FA226A5ED9D005063D2 /* ApiManager.swift */,
			);
			path = Services;
			sourceTree = "<group>";
		};
		71934FA926A5EE2F005063D2 /* Model */ = {
			isa = PBXGroup;
			children = (
				E85460FA291E360D00533A7D /* PepperOperation.swift */,
				E85460FC291E368F00533A7D /* PepperOperations.swift */,
				E8546112292028E300533A7D /* PepperOperationViewModel.swift */,
			);
			path = Model;
			sourceTree = "<group>";
		};
		71934FAA26A5EE4E005063D2 /* ViewController */ = {
			isa = PBXGroup;
			children = (
				E854611429202AB800533A7D /* cells */,
				71934F9026A5EA8F005063D2 /* FinancialOperationsTableVC.swift */,
				E854612129206C8700533A7D /* DetailIDVC.swift */,
			);
			path = ViewController;
			sourceTree = "<group>";
		};
		E8546103291E5CC200533A7D /* PepperHSTests */ = {
			isa = PBXGroup;
			children = (
				E8546104291E5CC200533A7D /* PepperHSTests.swift */,
				E854610B291E5DC800533A7D /* OperationsTableVCTests.swift */,
			);
			path = PepperHSTests;
			sourceTree = "<group>";
		};
		E854611429202AB800533A7D /* cells */ = {
			isa = PBXGroup;
			children = (
				E854611529202AF300533A7D /* ChargeCell.swift */,
				E854611629202AF300533A7D /* ChargeCell.xib */,
				E854611929205D2300533A7D /* CashWithDrawalCell.swift */,
				E854611A29205D2300533A7D /* CashWithDrawalCell.xib */,
				E854611D292061E300533A7D /* SavingRefundSalaryCell.swift */,
				E854611E292061E300533A7D /* SavingRefundSalayCell.xib */,
			);
			path = cells;
			sourceTree = "<group>";
		};
/* End PBXGroup section */

/* Begin PBXNativeTarget section */
		71934F8826A5EA8F005063D2 /* PepperHS */ = {
			isa = PBXNativeTarget;
			buildConfigurationList = 71934F9D26A5EA92005063D2 /* Build configuration list for PBXNativeTarget "PepperHS" */;
			buildPhases = (
				71934F8526A5EA8F005063D2 /* Sources */,
				71934F8626A5EA8F005063D2 /* Frameworks */,
				71934F8726A5EA8F005063D2 /* Resources */,
			);
			buildRules = (
			);
			dependencies = (
			);
			name = PepperHS;
			productName = EDeveloperMVC;
			productReference = 71934F8926A5EA8F005063D2 /* PepperHS.app */;
			productType = "com.apple.product-type.application";
		};
		E8546101291E5CC200533A7D /* PepperHSTests */ = {
			isa = PBXNativeTarget;
			buildConfigurationList = E8546108291E5CC200533A7D /* Build configuration list for PBXNativeTarget "PepperHSTests" */;
			buildPhases = (
				E85460FE291E5CC200533A7D /* Sources */,
				E85460FF291E5CC200533A7D /* Frameworks */,
				E8546100291E5CC200533A7D /* Resources */,
			);
			buildRules = (
			);
			dependencies = (
				E8546107291E5CC200533A7D /* PBXTargetDependency */,
			);
			name = PepperHSTests;
			productName = PepperHSTests;
			productReference = E8546102291E5CC200533A7D /* PepperHSTests.xctest */;
			productType = "com.apple.product-type.bundle.unit-test";
		};
/* End PBXNativeTarget section */

/* Begin PBXProject section */
		71934F8126A5EA8F005063D2 /* Project object */ = {
			isa = PBXProject;
			attributes = {
				LastSwiftUpdateCheck = 1340;
				LastUpgradeCheck = 1230;
				TargetAttributes = {
					71934F8826A5EA8F005063D2 = {
						CreatedOnToolsVersion = 12.3;
					};
					E8546101291E5CC200533A7D = {
						CreatedOnToolsVersion = 13.4.1;
						TestTargetID = 71934F8826A5EA8F005063D2;
					};
				};
			};
			buildConfigurationList = 71934F8426A5EA8F005063D2 /* Build configuration list for PBXProject "PepperHS" */;
			compatibilityVersion = "Xcode 9.3";
			developmentRegion = en;
			hasScannedForEncodings = 0;
			knownRegions = (
				en,
				Base,
			);
			mainGroup = 71934F8026A5EA8F005063D2;
			productRefGroup = 71934F8A26A5EA8F005063D2 /* Products */;
			projectDirPath = "";
			projectRoot = "";
			targets = (
				71934F8826A5EA8F005063D2 /* PepperHS */,
				E8546101291E5CC200533A7D /* PepperHSTests */,
			);
		};
/* End PBXProject section */

/* Begin PBXResourcesBuildPhase section */
		71934F8726A5EA8F005063D2 /* Resources */ = {
			isa = PBXResourcesBuildPhase;
			buildActionMask = 2147483647;
			files = (
				71934F9926A5EA92005063D2 /* LaunchScreen.storyboard in Resources */,
				71934F9626A5EA92005063D2 /* Assets.xcassets in Resources */,
				E8546120292061E300533A7D /* SavingRefundSalayCell.xib in Resources */,
				E854611829202AF300533A7D /* ChargeCell.xib in Resources */,
				E854611C29205D2300533A7D /* CashWithDrawalCell.xib in Resources */,
				71934F9426A5EA8F005063D2 /* Main.storyboard in Resources */,
				E834B552291D5E2A008A7942 /* mydata.json in Resources */,
			);
			runOnlyForDeploymentPostprocessing = 0;
		};
		E8546100291E5CC200533A7D /* Resources */ = {
			isa = PBXResourcesBuildPhase;
			buildActionMask = 2147483647;
			files = (
			);
			runOnlyForDeploymentPostprocessing = 0;
		};
/* End PBXResourcesBuildPhase section */

/* Begin PBXSourcesBuildPhase section */
		71934F8526A5EA8F005063D2 /* Sources */ = {
			isa = PBXSourcesBuildPhase;
			buildActionMask = 2147483647;
			files = (
				71934FA326A5ED9D005063D2 /* ApiManager.swift in Sources */,
				E85460FB291E360D00533A7D /* PepperOperation.swift in Sources */,
				E854611729202AF300533A7D /* ChargeCell.swift in Sources */,
				E854611F292061E300533A7D /* SavingRefundSalaryCell.swift in Sources */,
				E8546113292028E300533A7D /* PepperOperationViewModel.swift in Sources */,
				71934F9126A5EA8F005063D2 /* FinancialOperationsTableVC.swift in Sources */,
				E854611B29205D2300533A7D /* CashWithDrawalCell.swift in Sources */,
				7165ABC226A60858005E4348 /* OperationCellCash_Withdrawal.swift in Sources */,
				E854612229206C8700533A7D /* DetailIDVC.swift in Sources */,
				E85460FD291E368F00533A7D /* PepperOperations.swift in Sources */,
				71934F8D26A5EA8F005063D2 /* AppDelegate.swift in Sources */,
				71934F8F26A5EA8F005063D2 /* SceneDelegate.swift in Sources */,
			);
			runOnlyForDeploymentPostprocessing = 0;
		};
		E85460FE291E5CC200533A7D /* Sources */ = {
			isa = PBXSourcesBuildPhase;
			buildActionMask = 2147483647;
			files = (
				E8546105291E5CC200533A7D /* PepperHSTests.swift in Sources */,
				E854610C291E5DC800533A7D /* OperationsTableVCTests.swift in Sources */,
			);
			runOnlyForDeploymentPostprocessing = 0;
		};
/* End PBXSourcesBuildPhase section */

/* Begin PBXTargetDependency section */
		E8546107291E5CC200533A7D /* PBXTargetDependency */ = {
			isa = PBXTargetDependency;
			target = 71934F8826A5EA8F005063D2 /* PepperHS */;
			targetProxy = E8546106291E5CC200533A7D /* PBXContainerItemProxy */;
		};
/* End PBXTargetDependency section */

/* Begin PBXVariantGroup section */
		71934F9226A5EA8F005063D2 /* Main.storyboard */ = {
			isa = PBXVariantGroup;
			children = (
				71934F9326A5EA8F005063D2 /* Base */,
			);
			name = Main.storyboard;
			sourceTree = "<group>";
		};
		71934F9726A5EA92005063D2 /* LaunchScreen.storyboard */ = {
			isa = PBXVariantGroup;
			children = (
				71934F9826A5EA92005063D2 /* Base */,
			);
			name = LaunchScreen.storyboard;
			sourceTree = "<group>";
		};
/* End PBXVariantGroup section */

/* Begin XCBuildConfiguration section */
		71934F9B26A5EA92005063D2 /* Debug */ = {
			isa = XCBuildConfiguration;
			buildSettings = {
				ALWAYS_SEARCH_USER_PATHS = NO;
				CLANG_ANALYZER_NONNULL = YES;
				CLANG_ANALYZER_NUMBER_OBJECT_CONVERSION = YES_AGGRESSIVE;
				CLANG_CXX_LANGUAGE_STANDARD = "gnu++14";
				CLANG_CXX_LIBRARY = "libc++";
				CLANG_ENABLE_MODULES = YES;
				CLANG_ENABLE_OBJC_ARC = YES;
				CLANG_ENABLE_OBJC_WEAK = YES;
				CLANG_WARN_BLOCK_CAPTURE_AUTORELEASING = YES;
				CLANG_WARN_BOOL_CONVERSION = YES;
				CLANG_WARN_COMMA = YES;
				CLANG_WARN_CONSTANT_CONVERSION = YES;
				CLANG_WARN_DEPRECATED_OBJC_IMPLEMENTATIONS = YES;
				CLANG_WARN_DIRECT_OBJC_ISA_USAGE = YES_ERROR;
				CLANG_WARN_DOCUMENTATION_COMMENTS = YES;
				CLANG_WARN_EMPTY_BODY = YES;
				CLANG_WARN_ENUM_CONVERSION = YES;
				CLANG_WARN_INFINITE_RECURSION = YES;
				CLANG_WARN_INT_CONVERSION = YES;
				CLANG_WARN_NON_LITERAL_NULL_CONVERSION = YES;
				CLANG_WARN_OBJC_IMPLICIT_RETAIN_SELF = YES;
				CLANG_WARN_OBJC_LITERAL_CONVERSION = YES;
				CLANG_WARN_OBJC_ROOT_CLASS = YES_ERROR;
				CLANG_WARN_QUOTED_INCLUDE_IN_FRAMEWORK_HEADER = YES;
				CLANG_WARN_RANGE_LOOP_ANALYSIS = YES;
				CLANG_WARN_STRICT_PROTOTYPES = YES;
				CLANG_WARN_SUSPICIOUS_MOVE = YES;
				CLANG_WARN_UNGUARDED_AVAILABILITY = YES_AGGRESSIVE;
				CLANG_WARN_UNREACHABLE_CODE = YES;
				CLANG_WARN__DUPLICATE_METHOD_MATCH = YES;
				COPY_PHASE_STRIP = NO;
				DEBUG_INFORMATION_FORMAT = dwarf;
				ENABLE_STRICT_OBJC_MSGSEND = YES;
				ENABLE_TESTABILITY = YES;
				GCC_C_LANGUAGE_STANDARD = gnu11;
				GCC_DYNAMIC_NO_PIC = NO;
				GCC_NO_COMMON_BLOCKS = YES;
				GCC_OPTIMIZATION_LEVEL = 0;
				GCC_PREPROCESSOR_DEFINITIONS = (
					"DEBUG=1",
					"$(inherited)",
				);
				GCC_WARN_64_TO_32_BIT_CONVERSION = YES;
				GCC_WARN_ABOUT_RETURN_TYPE = YES_ERROR;
				GCC_WARN_UNDECLARED_SELECTOR = YES;
				GCC_WARN_UNINITIALIZED_AUTOS = YES_AGGRESSIVE;
				GCC_WARN_UNUSED_FUNCTION = YES;
				GCC_WARN_UNUSED_VARIABLE = YES;
				IPHONEOS_DEPLOYMENT_TARGET = 14.3;
				MTL_ENABLE_DEBUG_INFO = INCLUDE_SOURCE;
				MTL_FAST_MATH = YES;
				ONLY_ACTIVE_ARCH = YES;
				SDKROOT = iphoneos;
				SWIFT_ACTIVE_COMPILATION_CONDITIONS = DEBUG;
				SWIFT_OPTIMIZATION_LEVEL = "-Onone";
			};
			name = Debug;
		};
		71934F9C26A5EA92005063D2 /* Release */ = {
			isa = XCBuildConfiguration;
			buildSettings = {
				ALWAYS_SEARCH_USER_PATHS = NO;
				CLANG_ANALYZER_NONNULL = YES;
				CLANG_ANALYZER_NUMBER_OBJECT_CONVERSION = YES_AGGRESSIVE;
				CLANG_CXX_LANGUAGE_STANDARD = "gnu++14";
				CLANG_CXX_LIBRARY = "libc++";
				CLANG_ENABLE_MODULES = YES;
				CLANG_ENABLE_OBJC_ARC = YES;
				CLANG_ENABLE_OBJC_WEAK = YES;
				CLANG_WARN_BLOCK_CAPTURE_AUTORELEASING = YES;
				CLANG_WARN_BOOL_CONVERSION = YES;
				CLANG_WARN_COMMA = YES;
				CLANG_WARN_CONSTANT_CONVERSION = YES;
				CLANG_WARN_DEPRECATED_OBJC_IMPLEMENTATIONS = YES;
				CLANG_WARN_DIRECT_OBJC_ISA_USAGE = YES_ERROR;
				CLANG_WARN_DOCUMENTATION_COMMENTS = YES;
				CLANG_WARN_EMPTY_BODY = YES;
				CLANG_WARN_ENUM_CONVERSION = YES;
				CLANG_WARN_INFINITE_RECURSION = YES;
				CLANG_WARN_INT_CONVERSION = YES;
				CLANG_WARN_NON_LITERAL_NULL_CONVERSION = YES;
				CLANG_WARN_OBJC_IMPLICIT_RETAIN_SELF = YES;
				CLANG_WARN_OBJC_LITERAL_CONVERSION = YES;
				CLANG_WARN_OBJC_ROOT_CLASS = YES_ERROR;
				CLANG_WARN_QUOTED_INCLUDE_IN_FRAMEWORK_HEADER = YES;
				CLANG_WARN_RANGE_LOOP_ANALYSIS = YES;
				CLANG_WARN_STRICT_PROTOTYPES = YES;
				CLANG_WARN_SUSPICIOUS_MOVE = YES;
				CLANG_WARN_UNGUARDED_AVAILABILITY = YES_AGGRESSIVE;
				CLANG_WARN_UNREACHABLE_CODE = YES;
				CLANG_WARN__DUPLICATE_METHOD_MATCH = YES;
				COPY_PHASE_STRIP = NO;
				DEBUG_INFORMATION_FORMAT = "dwarf-with-dsym";
				ENABLE_NS_ASSERTIONS = NO;
				ENABLE_STRICT_OBJC_MSGSEND = YES;
				GCC_C_LANGUAGE_STANDARD = gnu11;
				GCC_NO_COMMON_BLOCKS = YES;
				GCC_WARN_64_TO_32_BIT_CONVERSION = YES;
				GCC_WARN_ABOUT_RETURN_TYPE = YES_ERROR;
				GCC_WARN_UNDECLARED_SELECTOR = YES;
				GCC_WARN_UNINITIALIZED_AUTOS = YES_AGGRESSIVE;
				GCC_WARN_UNUSED_FUNCTION = YES;
				GCC_WARN_UNUSED_VARIABLE = YES;
				IPHONEOS_DEPLOYMENT_TARGET = 14.3;
				MTL_ENABLE_DEBUG_INFO = NO;
				MTL_FAST_MATH = YES;
				SDKROOT = iphoneos;
				SWIFT_COMPILATION_MODE = wholemodule;
				SWIFT_OPTIMIZATION_LEVEL = "-O";
				VALIDATE_PRODUCT = YES;
			};
			name = Release;
		};
		71934F9E26A5EA92005063D2 /* Debug */ = {
			isa = XCBuildConfiguration;
			buildSettings = {
				ASSETCATALOG_COMPILER_APPICON_NAME = AppIcon;
				ASSETCATALOG_COMPILER_GLOBAL_ACCENT_COLOR_NAME = AccentColor;
				CODE_SIGN_STYLE = Automatic;
				DEVELOPMENT_TEAM = AMNN4SX6JU;
				INFOPLIST_FILE = PaperHS/Info.plist;
				IPHONEOS_DEPLOYMENT_TARGET = 15.1;
				LD_RUNPATH_SEARCH_PATHS = (
					"$(inherited)",
					"@executable_path/Frameworks",
				);
				PRODUCT_BUNDLE_IDENTIFIER = "com.mh.-PaperHS";
				PRODUCT_NAME = "$(TARGET_NAME)";
				SWIFT_VERSION = 5.0;
				TARGETED_DEVICE_FAMILY = "1,2";
			};
			name = Debug;
		};
		71934F9F26A5EA92005063D2 /* Release */ = {
			isa = XCBuildConfiguration;
			buildSettings = {
				ASSETCATALOG_COMPILER_APPICON_NAME = AppIcon;
				ASSETCATALOG_COMPILER_GLOBAL_ACCENT_COLOR_NAME = AccentColor;
				CODE_SIGN_STYLE = Automatic;
				DEVELOPMENT_TEAM = AMNN4SX6JU;
				INFOPLIST_FILE = PaperHS/Info.plist;
				IPHONEOS_DEPLOYMENT_TARGET = 15.1;
				LD_RUNPATH_SEARCH_PATHS = (
					"$(inherited)",
					"@executable_path/Frameworks",
				);
				PRODUCT_BUNDLE_IDENTIFIER = "com.mh.-PaperHS";
				PRODUCT_NAME = "$(TARGET_NAME)";
				SWIFT_VERSION = 5.0;
				TARGETED_DEVICE_FAMILY = "1,2";
			};
			name = Release;
		};
		E8546109291E5CC200533A7D /* Debug */ = {
			isa = XCBuildConfiguration;
			buildSettings = {
				BUNDLE_LOADER = "$(TEST_HOST)";
				CLANG_CXX_LANGUAGE_STANDARD = "gnu++17";
				CODE_SIGN_STYLE = Automatic;
				CURRENT_PROJECT_VERSION = 1;
				DEVELOPMENT_TEAM = AMNN4SX6JU;
				GENERATE_INFOPLIST_FILE = YES;
				IPHONEOS_DEPLOYMENT_TARGET = 15.5;
				MARKETING_VERSION = 1.0;
				PRODUCT_BUNDLE_IDENTIFIER = mh.PepperHSTests;
				PRODUCT_NAME = "$(TARGET_NAME)";
				SWIFT_EMIT_LOC_STRINGS = NO;
				SWIFT_VERSION = 5.0;
				TARGETED_DEVICE_FAMILY = "1,2";
				TEST_HOST = "$(BUILT_PRODUCTS_DIR)/PepperHS.app/PepperHS";
			};
			name = Debug;
		};
		E854610A291E5CC200533A7D /* Release */ = {
			isa = XCBuildConfiguration;
			buildSettings = {
				BUNDLE_LOADER = "$(TEST_HOST)";
				CLANG_CXX_LANGUAGE_STANDARD = "gnu++17";
				CODE_SIGN_STYLE = Automatic;
				CURRENT_PROJECT_VERSION = 1;
				DEVELOPMENT_TEAM = AMNN4SX6JU;
				GENERATE_INFOPLIST_FILE = YES;
				IPHONEOS_DEPLOYMENT_TARGET = 15.5;
				MARKETING_VERSION = 1.0;
				PRODUCT_BUNDLE_IDENTIFIER = mh.PepperHSTests;
				PRODUCT_NAME = "$(TARGET_NAME)";
				SWIFT_EMIT_LOC_STRINGS = NO;
				SWIFT_VERSION = 5.0;
				TARGETED_DEVICE_FAMILY = "1,2";
				TEST_HOST = "$(BUILT_PRODUCTS_DIR)/PepperHS.app/PepperHS";
			};
			name = Release;
		};
/* End XCBuildConfiguration section */

/* Begin XCConfigurationList section */
		71934F8426A5EA8F005063D2 /* Build configuration list for PBXProject "PepperHS" */ = {
			isa = XCConfigurationList;
			buildConfigurations = (
				71934F9B26A5EA92005063D2 /* Debug */,
				71934F9C26A5EA92005063D2 /* Release */,
			);
			defaultConfigurationIsVisible = 0;
			defaultConfigurationName = Release;
		};
		71934F9D26A5EA92005063D2 /* Build configuration list for PBXNativeTarget "PepperHS" */ = {
			isa = XCConfigurationList;
			buildConfigurations = (
				71934F9E26A5EA92005063D2 /* Debug */,
				71934F9F26A5EA92005063D2 /* Release */,
			);
			defaultConfigurationIsVisible = 0;
			defaultConfigurationName = Release;
		};
		E8546108291E5CC200533A7D /* Build configuration list for PBXNativeTarget "PepperHSTests" */ = {
			isa = XCConfigurationList;
			buildConfigurations = (
				E8546109291E5CC200533A7D /* Debug */,
				E854610A291E5CC200533A7D /* Release */,
			);
			defaultConfigurationIsVisible = 0;
			defaultConfigurationName = Release;
		};
/* End XCConfigurationList section */
	};
	rootObject = 71934F8126A5EA8F005063D2 /* Project object */;
}
